
Microsoft Visual Studio Solution File, Format Version 12.00
# Visual Studio 15
VisualStudioVersion = 15.0.27004.2009
MinimumVisualStudioVersion = 10.0.40219.1
Project("{FAE04EC0-301F-11D3-BF4B-00C04F79EFBC}") = "Polymono", "Polymono\Polymono.csproj", "{E1F4045F-181D-4B8A-939B-FE1E3C03B901}"
EndProject
Global
	GlobalSection(Performance) = preSolution
		HasPerformanceSessions = true
	EndGlobalSection
	GlobalSection(SolutionConfigurationPlatforms) = preSolution
		Debug|Any CPU = Debug|Any CPU
		Debug|x64 = Debug|x64
		Release|Any CPU = Release|Any CPU
		Release|x64 = Release|x64
	EndGlobalSection
	GlobalSection(ProjectConfigurationPlatforms) = postSolution
		{E1F4045F-181D-4B8A-939B-FE1E3C03B901}.Debug|Any CPU.ActiveCfg = Debug|Any CPU
		{E1F4045F-181D-4B8A-939B-FE1E3C03B901}.Debug|Any CPU.Build.0 = Debug|Any CPU
		{E1F4045F-181D-4B8A-939B-FE1E3C03B901}.Debug|x64.ActiveCfg = Debug|x64
		{E1F4045F-181D-4B8A-939B-FE1E3C03B901}.Debug|x64.Build.0 = Debug|x64
		{E1F4045F-181D-4B8A-939B-FE1E3C03B901}.Release|Any CPU.ActiveCfg = Release|Any CPU
		{E1F4045F-181D-4B8A-939B-FE1E3C03B901}.Release|Any CPU.Build.0 = Release|Any CPU
		{E1F4045F-181D-4B8A-939B-FE1E3C03B901}.Release|x64.ActiveCfg = Release|x64
		{E1F4045F-181D-4B8A-939B-FE1E3C03B901}.Release|x64.Build.0 = Release|x64
	EndGlobalSection
	GlobalSection(SolutionProperties) = preSolution
		HideSolutionNode = FALSE
	EndGlobalSection
	GlobalSection(ExtensibilityGlobals) = postSolution
		SolutionGuid = {6002E4BB-2803-43C4-89D7-454F01898FB2}
	EndGlobalSection
	GlobalSection(Performance) = preSolution
		HasPerformanceSessions = true
	EndGlobalSection
	GlobalSection(Performance) = preSolution
		HasPerformanceSessions = true
	EndGlobalSection
EndGlobal
